
Microsoft Visual Studio Solution File, Format Version 12.00
# Visual Studio Version 17
VisualStudioVersion = 17.13.35931.197
MinimumVisualStudioVersion = 10.0.40219.1
Project("{FAE04EC0-301F-11D3-BF4B-00C04F79EFBC}") = "ApiDiscount", "src\ApiDiscount.csproj", "{3337D89D-325B-43A7-B79D-A20455FB0554}"
EndProject
Project("{FAE04EC0-301F-11D3-BF4B-00C04F79EFBC}") = "ApiDiscount.Tests", "tests\ApiDiscount.Tests.csproj", "{5C8A0D68-5ED3-4B47-BA47-4D6284BFBA5D}"
EndProject
Global
	GlobalSection(SolutionConfigurationPlatforms) = preSolution
		Debug|Any CPU = Debug|Any CPU
		Release|Any CPU = Release|Any CPU
	EndGlobalSection
	GlobalSection(ProjectConfigurationPlatforms) = postSolution
		{3337D89D-325B-43A7-B79D-A20455FB0554}.Debug|Any CPU.ActiveCfg = Debug|Any CPU
		{3337D89D-325B-43A7-B79D-A20455FB0554}.Debug|Any CPU.Build.0 = Debug|Any CPU
		{3337D89D-325B-43A7-B79D-A20455FB0554}.Release|Any CPU.ActiveCfg = Release|Any CPU
		{3337D89D-325B-43A7-B79D-A20455FB0554}.Release|Any CPU.Build.0 = Release|Any CPU
		{5C8A0D68-5ED3-4B47-BA47-4D6284BFBA5D}.Debug|Any CPU.ActiveCfg = Debug|Any CPU
		{5C8A0D68-5ED3-4B47-BA47-4D6284BFBA5D}.Debug|Any CPU.Build.0 = Debug|Any CPU
		{5C8A0D68-5ED3-4B47-BA47-4D6284BFBA5D}.Release|Any CPU.ActiveCfg = Release|Any CPU
		{5C8A0D68-5ED3-4B47-BA47-4D6284BFBA5D}.Release|Any CPU.Build.0 = Release|Any CPU
	EndGlobalSection
	GlobalSection(SolutionProperties) = preSolution
		HideSolutionNode = FALSE
	EndGlobalSection
	GlobalSection(ExtensibilityGlobals) = postSolution
		SolutionGuid = {FC3F18EB-B7DA-4D24-A7EF-AD61304B1B00}
	EndGlobalSection
EndGlobal
